// !$*UTF8*$!
{
	archiveVersion = 1;
	classes = {
	};
	objectVersion = 56;
	objects = {

/* Begin PBXBuildFile section */
		0AD732F82A409E4800812B38 /* AppDelegate.swift in Sources */ = {isa = PBXBuildFile; fileRef = 0AD732F72A409E4800812B38 /* AppDelegate.swift */; };
		0AD732FA2A409E4800812B38 /* SceneDelegate.swift in Sources */ = {isa = PBXBuildFile; fileRef = 0AD732F92A409E4800812B38 /* SceneDelegate.swift */; };
		0AD732FC2A409E4800812B38 /* ViewController.swift in Sources */ = {isa = PBXBuildFile; fileRef = 0AD732FB2A409E4800812B38 /* ViewController.swift */; };
		0AD732FF2A409E4800812B38 /* Main.storyboard in Resources */ = {isa = PBXBuildFile; fileRef = 0AD732FD2A409E4800812B38 /* Main.storyboard */; };
		0AD733012A409E4900812B38 /* Assets.xcassets in Resources */ = {isa = PBXBuildFile; fileRef = 0AD733002A409E4900812B38 /* Assets.xcassets */; };
		0AD733042A409E4900812B38 /* LaunchScreen.storyboard in Resources */ = {isa = PBXBuildFile; fileRef = 0AD733022A409E4900812B38 /* LaunchScreen.storyboard */; };
		0AD7330F2A409E4900812B38 /* Dev_1Tests.swift in Sources */ = {isa = PBXBuildFile; fileRef = 0AD7330E2A409E4900812B38 /* Dev_1Tests.swift */; };
		0AD733192A409E4900812B38 /* Dev_1UITests.swift in Sources */ = {isa = PBXBuildFile; fileRef = 0AD733182A409E4900812B38 /* Dev_1UITests.swift */; };
		0AD7331B2A409E4900812B38 /* Dev_1UITestsLaunchTests.swift in Sources */ = {isa = PBXBuildFile; fileRef = 0AD7331A2A409E4900812B38 /* Dev_1UITestsLaunchTests.swift */; };
/* End PBXBuildFile section */

/* Begin PBXContainerItemProxy section */
		0AD7330B2A409E4900812B38 /* PBXContainerItemProxy */ = {
			isa = PBXContainerItemProxy;
			containerPortal = 0AD732EC2A409E4800812B38 /* Project object */;
			proxyType = 1;
			remoteGlobalIDString = 0AD732F32A409E4800812B38;
			remoteInfo = Dev_1;
		};
		0AD733152A409E4900812B38 /* PBXContainerItemProxy */ = {
			isa = PBXContainerItemProxy;
			containerPortal = 0AD732EC2A409E4800812B38 /* Project object */;
			proxyType = 1;
			remoteGlobalIDString = 0AD732F32A409E4800812B38;
			remoteInfo = Dev_1;
		};
/* End PBXContainerItemProxy section */

/* Begin PBXFileReference section */
		0AD732F42A409E4800812B38 /* Dev_1.app */ = {isa = PBXFileReference; explicitFileType = wrapper.application; includeInIndex = 0; path = Dev_1.app; sourceTree = BUILT_PRODUCTS_DIR; };
		0AD732F72A409E4800812B38 /* AppDelegate.swift */ = {isa = PBXFileReference; lastKnownFileType = sourcecode.swift; path = AppDelegate.swift; sourceTree = "<group>"; };
		0AD732F92A409E4800812B38 /* SceneDelegate.swift */ = {isa = PBXFileReference; lastKnownFileType = sourcecode.swift; path = SceneDelegate.swift; sourceTree = "<group>"; };
		0AD732FB2A409E4800812B38 /* ViewController.swift */ = {isa = PBXFileReference; lastKnownFileType = sourcecode.swift; path = ViewController.swift; sourceTree = "<group>"; };
		0AD732FE2A409E4800812B38 /* Base */ = {isa = PBXFileReference; lastKnownFileType = file.storyboard; name = Base; path = Base.lproj/Main.storyboard; sourceTree = "<group>"; };
		0AD733002A409E4900812B38 /* Assets.xcassets */ = {isa = PBXFileReference; lastKnownFileType = folder.assetcatalog; path = Assets.xcassets; sourceTree = "<group>"; };
		0AD733032A409E4900812B38 /* Base */ = {isa = PBXFileReference; lastKnownFileType = file.storyboard; name = Base; path = Base.lproj/LaunchScreen.storyboard; sourceTree = "<group>"; };
		0AD733052A409E4900812B38 /* Info.plist */ = {isa = PBXFileReference; lastKnownFileType = text.plist.xml; path = Info.plist; sourceTree = "<group>"; };
		0AD7330A2A409E4900812B38 /* Dev_1Tests.xctest */ = {isa = PBXFileReference; explicitFileType = wrapper.cfbundle; includeInIndex = 0; path = Dev_1Tests.xctest; sourceTree = BUILT_PRODUCTS_DIR; };
		0AD7330E2A409E4900812B38 /* Dev_1Tests.swift */ = {isa = PBXFileReference; lastKnownFileType = sourcecode.swift; path = Dev_1Tests.swift; sourceTree = "<group>"; };
		0AD733142A409E4900812B38 /* Dev_1UITests.xctest */ = {isa = PBXFileReference; explicitFileType = wrapper.cfbundle; includeInIndex = 0; path = Dev_1UITests.xctest; sourceTree = BUILT_PRODUCTS_DIR; };
		0AD733182A409E4900812B38 /* Dev_1UITests.swift */ = {isa = PBXFileReference; lastKnownFileType = sourcecode.swift; path = Dev_1UITests.swift; sourceTree = "<group>"; };
		0AD7331A2A409E4900812B38 /* Dev_1UITestsLaunchTests.swift */ = {isa = PBXFileReference; lastKnownFileType = sourcecode.swift; path = Dev_1UITestsLaunchTests.swift; sourceTree = "<group>"; };
/* End PBXFileReference section */

/* Begin PBXFrameworksBuildPhase section */
		0AD732F12A409E4800812B38 /* Frameworks */ = {
			isa = PBXFrameworksBuildPhase;
			buildActionMask = 2147483647;
			files = (
			);
			runOnlyForDeploymentPostprocessing = 0;
		};
		0AD733072A409E4900812B38 /* Frameworks */ = {
			isa = PBXFrameworksBuildPhase;
			buildActionMask = 2147483647;
			files = (
			);
			runOnlyForDeploymentPostprocessing = 0;
		};
		0AD733112A409E4900812B38 /* Frameworks */ = {
			isa = PBXFrameworksBuildPhase;
			buildActionMask = 2147483647;
			files = (
			);
			runOnlyForDeploymentPostprocessing = 0;
		};
/* End PBXFrameworksBuildPhase section */

/* Begin PBXGroup section */
		0AD732EB2A409E4800812B38 = {
			isa = PBXGroup;
			children = (
				0AD732F62A409E4800812B38 /* Dev_1 */,
				0AD7330D2A409E4900812B38 /* Dev_1Tests */,
				0AD733172A409E4900812B38 /* Dev_1UITests */,
				0AD732F52A409E4800812B38 /* Products */,
			);
			sourceTree = "<group>";
		};
		0AD732F52A409E4800812B38 /* Products */ = {
			isa = PBXGroup;
			children = (
				0AD732F42A409E4800812B38 /* Dev_1.app */,
				0AD7330A2A409E4900812B38 /* Dev_1Tests.xctest */,
				0AD733142A409E4900812B38 /* Dev_1UITests.xctest */,
			);
			name = Products;
			sourceTree = "<group>";
		};
		0AD732F62A409E4800812B38 /* Dev_1 */ = {
			isa = PBXGroup;
			children = (
				0AD732F72A409E4800812B38 /* AppDelegate.swift */,
				0AD732F92A409E4800812B38 /* SceneDelegate.swift */,
				0AD732FB2A409E4800812B38 /* ViewController.swift */,
				0AD732FD2A409E4800812B38 /* Main.storyboard */,
				0AD733002A409E4900812B38 /* Assets.xcassets */,
				0AD733022A409E4900812B38 /* LaunchScreen.storyboard */,
				0AD733052A409E4900812B38 /* Info.plist */,
			);
			path = Dev_1;
			sourceTree = "<group>";
		};
		0AD7330D2A409E4900812B38 /* Dev_1Tests */ = {
			isa = PBXGroup;
			children = (
				0AD7330E2A409E4900812B38 /* Dev_1Tests.swift */,
			);
			path = Dev_1Tests;
			sourceTree = "<group>";
		};
		0AD733172A409E4900812B38 /* Dev_1UITests */ = {
			isa = PBXGroup;
			children = (
				0AD733182A409E4900812B38 /* Dev_1UITests.swift */,
				0AD7331A2A409E4900812B38 /* Dev_1UITestsLaunchTests.swift */,
			);
			path = Dev_1UITests;
			sourceTree = "<group>";
		};
/* End PBXGroup section */

/* Begin PBXNativeTarget section */
		0AD732F32A409E4800812B38 /* Dev_1 */ = {
			isa = PBXNativeTarget;
			buildConfigurationList = 0AD7331E2A409E4900812B38 /* Build configuration list for PBXNativeTarget "Dev_1" */;
			buildPhases = (
				0AD732F02A409E4800812B38 /* Sources */,
				0AD732F12A409E4800812B38 /* Frameworks */,
				0AD732F22A409E4800812B38 /* Resources */,
			);
			buildRules = (
			);
			dependencies = (
			);
			name = Dev_1;
			productName = Dev_1;
			productReference = 0AD732F42A409E4800812B38 /* Dev_1.app */;
			productType = "com.apple.product-type.application";
		};
		0AD733092A409E4900812B38 /* Dev_1Tests */ = {
			isa = PBXNativeTarget;
			buildConfigurationList = 0AD733212A409E4900812B38 /* Build configuration list for PBXNativeTarget "Dev_1Tests" */;
			buildPhases = (
				0AD733062A409E4900812B38 /* Sources */,
				0AD733072A409E4900812B38 /* Frameworks */,
				0AD733082A409E4900812B38 /* Resources */,
			);
			buildRules = (
			);
			dependencies = (
				0AD7330C2A409E4900812B38 /* PBXTargetDependency */,
			);
			name = Dev_1Tests;
			productName = Dev_1Tests;
			productReference = 0AD7330A2A409E4900812B38 /* Dev_1Tests.xctest */;
			productType = "com.apple.product-type.bundle.unit-test";
		};
		0AD733132A409E4900812B38 /* Dev_1UITests */ = {
			isa = PBXNativeTarget;
			buildConfigurationList = 0AD733242A409E4900812B38 /* Build configuration list for PBXNativeTarget "Dev_1UITests" */;
			buildPhases = (
				0AD733102A409E4900812B38 /* Sources */,
				0AD733112A409E4900812B38 /* Frameworks */,
				0AD733122A409E4900812B38 /* Resources */,
			);
			buildRules = (
			);
			dependencies = (
				0AD733162A409E4900812B38 /* PBXTargetDependency */,
			);
			name = Dev_1UITests;
			productName = Dev_1UITests;
			productReference = 0AD733142A409E4900812B38 /* Dev_1UITests.xctest */;
			productType = "com.apple.product-type.bundle.ui-testing";
		};
/* End PBXNativeTarget section */

/* Begin PBXProject section */
		0AD732EC2A409E4800812B38 /* Project object */ = {
			isa = PBXProject;
			attributes = {
				BuildIndependentTargetsInParallel = 1;
				LastSwiftUpdateCheck = 1430;
				LastUpgradeCheck = 1430;
				TargetAttributes = {
					0AD732F32A409E4800812B38 = {
						CreatedOnToolsVersion = 14.3;
					};
					0AD733092A409E4900812B38 = {
						CreatedOnToolsVersion = 14.3;
						TestTargetID = 0AD732F32A409E4800812B38;
					};
					0AD733132A409E4900812B38 = {
						CreatedOnToolsVersion = 14.3;
						TestTargetID = 0AD732F32A409E4800812B38;
					};
				};
			};
			buildConfigurationList = 0AD732EF2A409E4800812B38 /* Build configuration list for PBXProject "Dev_1" */;
			compatibilityVersion = "Xcode 14.0";
			developmentRegion = en;
			hasScannedForEncodings = 0;
			knownRegions = (
				en,
				Base,
			);
			mainGroup = 0AD732EB2A409E4800812B38;
			productRefGroup = 0AD732F52A409E4800812B38 /* Products */;
			projectDirPath = "";
			projectRoot = "";
			targets = (
				0AD732F32A409E4800812B38 /* Dev_1 */,
				0AD733092A409E4900812B38 /* Dev_1Tests */,
				0AD733132A409E4900812B38 /* Dev_1UITests */,
			);
		};
/* End PBXProject section */

/* Begin PBXResourcesBuildPhase section */
		0AD732F22A409E4800812B38 /* Resources */ = {
			isa = PBXResourcesBuildPhase;
			buildActionMask = 2147483647;
			files = (
				0AD733042A409E4900812B38 /* LaunchScreen.storyboard in Resources */,
				0AD733012A409E4900812B38 /* Assets.xcassets in Resources */,
				0AD732FF2A409E4800812B38 /* Main.storyboard in Resources */,
			);
			runOnlyForDeploymentPostprocessing = 0;
		};
		0AD733082A409E4900812B38 /* Resources */ = {
			isa = PBXResourcesBuildPhase;
			buildActionMask = 2147483647;
			files = (
			);
			runOnlyForDeploymentPostprocessing = 0;
		};
		0AD733122A409E4900812B38 /* Resources */ = {
			isa = PBXResourcesBuildPhase;
			buildActionMask = 2147483647;
			files = (
			);
			runOnlyForDeploymentPostprocessing = 0;
		};
/* End PBXResourcesBuildPhase section */

/* Begin PBXSourcesBuildPhase section */
		0AD732F02A409E4800812B38 /* Sources */ = {
			isa = PBXSourcesBuildPhase;
			buildActionMask = 2147483647;
			files = (
				0AD732FC2A409E4800812B38 /* ViewController.swift in Sources */,
				0AD732F82A409E4800812B38 /* AppDelegate.swift in Sources */,
				0AD732FA2A409E4800812B38 /* SceneDelegate.swift in Sources */,
			);
			runOnlyForDeploymentPostprocessing = 0;
		};
		0AD733062A409E4900812B38 /* Sources */ = {
			isa = PBXSourcesBuildPhase;
			buildActionMask = 2147483647;
			files = (
				0AD7330F2A409E4900812B38 /* Dev_1Tests.swift in Sources */,
			);
			runOnlyForDeploymentPostprocessing = 0;
		};
		0AD733102A409E4900812B38 /* Sources */ = {
			isa = PBXSourcesBuildPhase;
			buildActionMask = 2147483647;
			files = (
				0AD7331B2A409E4900812B38 /* Dev_1UITestsLaunchTests.swift in Sources */,
				0AD733192A409E4900812B38 /* Dev_1UITests.swift in Sources */,
			);
			runOnlyForDeploymentPostprocessing = 0;
		};
/* End PBXSourcesBuildPhase section */

/* Begin PBXTargetDependency section */
		0AD7330C2A409E4900812B38 /* PBXTargetDependency */ = {
			isa = PBXTargetDependency;
			target = 0AD732F32A409E4800812B38 /* Dev_1 */;
			targetProxy = 0AD7330B2A409E4900812B38 /* PBXContainerItemProxy */;
		};
		0AD733162A409E4900812B38 /* PBXTargetDependency */ = {
			isa = PBXTargetDependency;
			target = 0AD732F32A409E4800812B38 /* Dev_1 */;
			targetProxy = 0AD733152A409E4900812B38 /* PBXContainerItemProxy */;
		};
/* End PBXTargetDependency section */

/* Begin PBXVariantGroup section */
		0AD732FD2A409E4800812B38 /* Main.storyboard */ = {
			isa = PBXVariantGroup;
			children = (
				0AD732FE2A409E4800812B38 /* Base */,
			);
			name = Main.storyboard;
			sourceTree = "<group>";
		};
		0AD733022A409E4900812B38 /* LaunchScreen.storyboard */ = {
			isa = PBXVariantGroup;
			children = (
				0AD733032A409E4900812B38 /* Base */,
			);
			name = LaunchScreen.storyboard;
			sourceTree = "<group>";
		};
/* End PBXVariantGroup section */

/* Begin XCBuildConfiguration section */
		0AD7331C2A409E4900812B38 /* Debug */ = {
			isa = XCBuildConfiguration;
			buildSettings = {
				ALWAYS_SEARCH_USER_PATHS = NO;
				CLANG_ANALYZER_NONNULL = YES;
				CLANG_ANALYZER_NUMBER_OBJECT_CONVERSION = YES_AGGRESSIVE;
				CLANG_CXX_LANGUAGE_STANDARD = "gnu++20";
				CLANG_ENABLE_MODULES = YES;
				CLANG_ENABLE_OBJC_ARC = YES;
				CLANG_ENABLE_OBJC_WEAK = YES;
				CLANG_WARN_BLOCK_CAPTURE_AUTORELEASING = YES;
				CLANG_WARN_BOOL_CONVERSION = YES;
				CLANG_WARN_COMMA = YES;
				CLANG_WARN_CONSTANT_CONVERSION = YES;
				CLANG_WARN_DEPRECATED_OBJC_IMPLEMENTATIONS = YES;
				CLANG_WARN_DIRECT_OBJC_ISA_USAGE = YES_ERROR;
				CLANG_WARN_DOCUMENTATION_COMMENTS = YES;
				CLANG_WARN_EMPTY_BODY = YES;
				CLANG_WARN_ENUM_CONVERSION = YES;
				CLANG_WARN_INFINITE_RECURSION = YES;
				CLANG_WARN_INT_CONVERSION = YES;
				CLANG_WARN_NON_LITERAL_NULL_CONVERSION = YES;
				CLANG_WARN_OBJC_IMPLICIT_RETAIN_SELF = YES;
				CLANG_WARN_OBJC_LITERAL_CONVERSION = YES;
				CLANG_WARN_OBJC_ROOT_CLASS = YES_ERROR;
				CLANG_WARN_QUOTED_INCLUDE_IN_FRAMEWORK_HEADER = YES;
				CLANG_WARN_RANGE_LOOP_ANALYSIS = YES;
				CLANG_WARN_STRICT_PROTOTYPES = YES;
				CLANG_WARN_SUSPICIOUS_MOVE = YES;
				CLANG_WARN_UNGUARDED_AVAILABILITY = YES_AGGRESSIVE;
				CLANG_WARN_UNREACHABLE_CODE = YES;
				CLANG_WARN__DUPLICATE_METHOD_MATCH = YES;
				COPY_PHASE_STRIP = NO;
				DEBUG_INFORMATION_FORMAT = dwarf;
				ENABLE_STRICT_OBJC_MSGSEND = YES;
				ENABLE_TESTABILITY = YES;
				GCC_C_LANGUAGE_STANDARD = gnu11;
				GCC_DYNAMIC_NO_PIC = NO;
				GCC_NO_COMMON_BLOCKS = YES;
				GCC_OPTIMIZATION_LEVEL = 0;
				GCC_PREPROCESSOR_DEFINITIONS = (
					"DEBUG=1",
					"$(inherited)",
				);
				GCC_WARN_64_TO_32_BIT_CONVERSION = YES;
				GCC_WARN_ABOUT_RETURN_TYPE = YES_ERROR;
				GCC_WARN_UNDECLARED_SELECTOR = YES;
				GCC_WARN_UNINITIALIZED_AUTOS = YES_AGGRESSIVE;
				GCC_WARN_UNUSED_FUNCTION = YES;
				GCC_WARN_UNUSED_VARIABLE = YES;
				IPHONEOS_DEPLOYMENT_TARGET = 16.4;
				MTL_ENABLE_DEBUG_INFO = INCLUDE_SOURCE;
				MTL_FAST_MATH = YES;
				ONLY_ACTIVE_ARCH = YES;
				SDKROOT = iphoneos;
				SWIFT_ACTIVE_COMPILATION_CONDITIONS = DEBUG;
				SWIFT_OPTIMIZATION_LEVEL = "-Onone";
			};
			name = Debug;
		};
		0AD7331D2A409E4900812B38 /* Release */ = {
			isa = XCBuildConfiguration;
			buildSettings = {
				ALWAYS_SEARCH_USER_PATHS = NO;
				CLANG_ANALYZER_NONNULL = YES;
				CLANG_ANALYZER_NUMBER_OBJECT_CONVERSION = YES_AGGRESSIVE;
				CLANG_CXX_LANGUAGE_STANDARD = "gnu++20";
				CLANG_ENABLE_MODULES = YES;
				CLANG_ENABLE_OBJC_ARC = YES;
				CLANG_ENABLE_OBJC_WEAK = YES;
				CLANG_WARN_BLOCK_CAPTURE_AUTORELEASING = YES;
				CLANG_WARN_BOOL_CONVERSION = YES;
				CLANG_WARN_COMMA = YES;
				CLANG_WARN_CONSTANT_CONVERSION = YES;
				CLANG_WARN_DEPRECATED_OBJC_IMPLEMENTATIONS = YES;
				CLANG_WARN_DIRECT_OBJC_ISA_USAGE = YES_ERROR;
				CLANG_WARN_DOCUMENTATION_COMMENTS = YES;
				CLANG_WARN_EMPTY_BODY = YES;
				CLANG_WARN_ENUM_CONVERSION = YES;
				CLANG_WARN_INFINITE_RECURSION = YES;
				CLANG_WARN_INT_CONVERSION = YES;
				CLANG_WARN_NON_LITERAL_NULL_CONVERSION = YES;
				CLANG_WARN_OBJC_IMPLICIT_RETAIN_SELF = YES;
				CLANG_WARN_OBJC_LITERAL_CONVERSION = YES;
				CLANG_WARN_OBJC_ROOT_CLASS = YES_ERROR;
				CLANG_WARN_QUOTED_INCLUDE_IN_FRAMEWORK_HEADER = YES;
				CLANG_WARN_RANGE_LOOP_ANALYSIS = YES;
				CLANG_WARN_STRICT_PROTOTYPES = YES;
				CLANG_WARN_SUSPICIOUS_MOVE = YES;
				CLANG_WARN_UNGUARDED_AVAILABILITY = YES_AGGRESSIVE;
				CLANG_WARN_UNREACHABLE_CODE = YES;
				CLANG_WARN__DUPLICATE_METHOD_MATCH = YES;
				COPY_PHASE_STRIP = NO;
				DEBUG_INFORMATION_FORMAT = "dwarf-with-dsym";
				ENABLE_NS_ASSERTIONS = NO;
				ENABLE_STRICT_OBJC_MSGSEND = YES;
				GCC_C_LANGUAGE_STANDARD = gnu11;
				GCC_NO_COMMON_BLOCKS = YES;
				GCC_WARN_64_TO_32_BIT_CONVERSION = YES;
				GCC_WARN_ABOUT_RETURN_TYPE = YES_ERROR;
				GCC_WARN_UNDECLARED_SELECTOR = YES;
				GCC_WARN_UNINITIALIZED_AUTOS = YES_AGGRESSIVE;
				GCC_WARN_UNUSED_FUNCTION = YES;
				GCC_WARN_UNUSED_VARIABLE = YES;
				IPHONEOS_DEPLOYMENT_TARGET = 16.4;
				MTL_ENABLE_DEBUG_INFO = NO;
				MTL_FAST_MATH = YES;
				SDKROOT = iphoneos;
				SWIFT_COMPILATION_MODE = wholemodule;
				SWIFT_OPTIMIZATION_LEVEL = "-O";
				VALIDATE_PRODUCT = YES;
			};
			name = Release;
		};
		0AD7331F2A409E4900812B38 /* Debug */ = {
			isa = XCBuildConfiguration;
			buildSettings = {
				ASSETCATALOG_COMPILER_APPICON_NAME = AppIcon;
				ASSETCATALOG_COMPILER_GLOBAL_ACCENT_COLOR_NAME = AccentColor;
				CODE_SIGN_STYLE = Automatic;
				CURRENT_PROJECT_VERSION = 1;
				DEVELOPMENT_TEAM = 2T92SN58R8;
				GENERATE_INFOPLIST_FILE = YES;
				INFOPLIST_FILE = Dev_1/Info.plist;
				INFOPLIST_KEY_UIApplicationSupportsIndirectInputEvents = YES;
				INFOPLIST_KEY_UILaunchStoryboardName = LaunchScreen;
				INFOPLIST_KEY_UIMainStoryboardFile = Main;
				INFOPLIST_KEY_UISupportedInterfaceOrientations_iPad = "UIInterfaceOrientationPortrait UIInterfaceOrientationPortraitUpsideDown UIInterfaceOrientationLandscapeLeft UIInterfaceOrientationLandscapeRight";
				INFOPLIST_KEY_UISupportedInterfaceOrientations_iPhone = "UIInterfaceOrientationPortrait UIInterfaceOrientationLandscapeLeft UIInterfaceOrientationLandscapeRight";
				LD_RUNPATH_SEARCH_PATHS = (
					"$(inherited)",
					"@executable_path/Frameworks",
				);
				MARKETING_VERSION = 1.0;
				PRODUCT_BUNDLE_IDENTIFIER = "-23.Dev-1";
				PRODUCT_NAME = "$(TARGET_NAME)";
				SWIFT_EMIT_LOC_STRINGS = YES;
				SWIFT_VERSION = 5.0;
				TARGETED_DEVICE_FAMILY = "1,2";
			};
			name = Debug;
		};
		0AD733202A409E4900812B38 /* Release */ = {
			isa = XCBuildConfiguration;
			buildSettings = {
				ASSETCATALOG_COMPILER_APPICON_NAME = AppIcon;
				ASSETCATALOG_COMPILER_GLOBAL_ACCENT_COLOR_NAME = AccentColor;
				CODE_SIGN_STYLE = Automatic;
				CURRENT_PROJECT_VERSION = 1;
				DEVELOPMENT_TEAM = 2T92SN58R8;
				GENERATE_INFOPLIST_FILE = YES;
				INFOPLIST_FILE = Dev_1/Info.plist;
				INFOPLIST_KEY_UIApplicationSupportsIndirectInputEvents = YES;
				INFOPLIST_KEY_UILaunchStoryboardName = LaunchScreen;
				INFOPLIST_KEY_UIMainStoryboardFile = Main;
				INFOPLIST_KEY_UISupportedInterfaceOrientations_iPad = "UIInterfaceOrientationPortrait UIInterfaceOrientationPortraitUpsideDown UIInterfaceOrientationLandscapeLeft UIInterfaceOrientationLandscapeRight";
				INFOPLIST_KEY_UISupportedInterfaceOrientations_iPhone = "UIInterfaceOrientationPortrait UIInterfaceOrientationLandscapeLeft UIInterfaceOrientationLandscapeRight";
				LD_RUNPATH_SEARCH_PATHS = (
					"$(inherited)",
					"@executable_path/Frameworks",
				);
				MARKETING_VERSION = 1.0;
				PRODUCT_BUNDLE_IDENTIFIER = "-23.Dev-1";
				PRODUCT_NAME = "$(TARGET_NAME)";
				SWIFT_EMIT_LOC_STRINGS = YES;
				SWIFT_VERSION = 5.0;
				TARGETED_DEVICE_FAMILY = "1,2";
			};
			name = Release;
		};
		0AD733222A409E4900812B38 /* Debug */ = {
			isa = XCBuildConfiguration;
			buildSettings = {
				ALWAYS_EMBED_SWIFT_STANDARD_LIBRARIES = YES;
				BUNDLE_LOADER = "$(TEST_HOST)";
				CODE_SIGN_STYLE = Automatic;
				CURRENT_PROJECT_VERSION = 1;
				DEVELOPMENT_TEAM = 2T92SN58R8;
				GENERATE_INFOPLIST_FILE = YES;
				IPHONEOS_DEPLOYMENT_TARGET = 16.4;
				MARKETING_VERSION = 1.0;
				PRODUCT_BUNDLE_IDENTIFIER = "-23.Dev-1Tests";
				PRODUCT_NAME = "$(TARGET_NAME)";
				SWIFT_EMIT_LOC_STRINGS = NO;
				SWIFT_VERSION = 5.0;
				TARGETED_DEVICE_FAMILY = "1,2";
				TEST_HOST = "$(BUILT_PRODUCTS_DIR)/Dev_1.app/$(BUNDLE_EXECUTABLE_FOLDER_PATH)/Dev_1";
			};
			name = Debug;
		};
		0AD733232A409E4900812B38 /* Release */ = {
			isa = XCBuildConfiguration;
			buildSettings = {
				ALWAYS_EMBED_SWIFT_STANDARD_LIBRARIES = YES;
				BUNDLE_LOADER = "$(TEST_HOST)";
				CODE_SIGN_STYLE = Automatic;
				CURRENT_PROJECT_VERSION = 1;
				DEVELOPMENT_TEAM = 2T92SN58R8;
				GENERATE_INFOPLIST_FILE = YES;
				IPHONEOS_DEPLOYMENT_TARGET = 16.4;
				MARKETING_VERSION = 1.0;
				PRODUCT_BUNDLE_IDENTIFIER = "-23.Dev-1Tests";
				PRODUCT_NAME = "$(TARGET_NAME)";
				SWIFT_EMIT_LOC_STRINGS = NO;
				SWIFT_VERSION = 5.0;
				TARGETED_DEVICE_FAMILY = "1,2";
				TEST_HOST = "$(BUILT_PRODUCTS_DIR)/Dev_1.app/$(BUNDLE_EXECUTABLE_FOLDER_PATH)/Dev_1";
			};
			name = Release;
		};
		0AD733252A409E4900812B38 /* Debug */ = {
			isa = XCBuildConfiguration;
			buildSettings = {
				ALWAYS_EMBED_SWIFT_STANDARD_LIBRARIES = YES;
				CODE_SIGN_STYLE = Automatic;
				CURRENT_PROJECT_VERSION = 1;
				DEVELOPMENT_TEAM = 2T92SN58R8;
				GENERATE_INFOPLIST_FILE = YES;
				MARKETING_VERSION = 1.0;
				PRODUCT_BUNDLE_IDENTIFIER = "-23.Dev-1UITests";
				PRODUCT_NAME = "$(TARGET_NAME)";
				SWIFT_EMIT_LOC_STRINGS = NO;
				SWIFT_VERSION = 5.0;
				TARGETED_DEVICE_FAMILY = "1,2";
				TEST_TARGET_NAME = Dev_1;
			};
			name = Debug;
		};
		0AD733262A409E4900812B38 /* Release */ = {
			isa = XCBuildConfiguration;
			buildSettings = {
				ALWAYS_EMBED_SWIFT_STANDARD_LIBRARIES = YES;
				CODE_SIGN_STYLE = Automatic;
				CURRENT_PROJECT_VERSION = 1;
				DEVELOPMENT_TEAM = 2T92SN58R8;
				GENERATE_INFOPLIST_FILE = YES;
				MARKETING_VERSION = 1.0;
				PRODUCT_BUNDLE_IDENTIFIER = "-23.Dev-1UITests";
				PRODUCT_NAME = "$(TARGET_NAME)";
				SWIFT_EMIT_LOC_STRINGS = NO;
				SWIFT_VERSION = 5.0;
				TARGETED_DEVICE_FAMILY = "1,2";
				TEST_TARGET_NAME = Dev_1;
			};
			name = Release;
		};
/* End XCBuildConfiguration section */

/* Begin XCConfigurationList section */
		0AD732EF2A409E4800812B38 /* Build configuration list for PBXProject "Dev_1" */ = {
			isa = XCConfigurationList;
			buildConfigurations = (
				0AD7331C2A409E4900812B38 /* Debug */,
				0AD7331D2A409E4900812B38 /* Release */,
			);
			defaultConfigurationIsVisible = 0;
			defaultConfigurationName = Release;
		};
		0AD7331E2A409E4900812B38 /* Build configuration list for PBXNativeTarget "Dev_1" */ = {
			isa = XCConfigurationList;
			buildConfigurations = (
				0AD7331F2A409E4900812B38 /* Debug */,
				0AD733202A409E4900812B38 /* Release */,
			);
			defaultConfigurationIsVisible = 0;
			defaultConfigurationName = Release;
		};
		0AD733212A409E4900812B38 /* Build configuration list for PBXNativeTarget "Dev_1Tests" */ = {
			isa = XCConfigurationList;
			buildConfigurations = (
				0AD733222A409E4900812B38 /* Debug */,
				0AD733232A409E4900812B38 /* Release */,
			);
			defaultConfigurationIsVisible = 0;
			defaultConfigurationName = Release;
		};
		0AD733242A409E4900812B38 /* Build configuration list for PBXNativeTarget "Dev_1UITests" */ = {
			isa = XCConfigurationList;
			buildConfigurations = (
				0AD733252A409E4900812B38 /* Debug */,
				0AD733262A409E4900812B38 /* Release */,
			);
			defaultConfigurationIsVisible = 0;
			defaultConfigurationName = Release;
		};
/* End XCConfigurationList section */
	};
	rootObject = 0AD732EC2A409E4800812B38 /* Project object */;
}
